
Microsoft Visual Studio Solution File, Format Version 12.00
# Visual Studio Version 16
VisualStudioVersion = 16.0.28922.388
MinimumVisualStudioVersion = 10.0.40219.1
Project("{FAE04EC0-301F-11D3-BF4B-00C04F79EFBC}") = "Bolide", "Bolide\Bolide.csproj", "{2B9AF8D7-8845-46DD-964E-79D8B5F59FC7}"
EndProject
Project("{FAE04EC0-301F-11D3-BF4B-00C04F79EFBC}") = "Carbide", "Carbide\Carbide.csproj", "{1D183973-141F-481B-A681-1D53FD0B65EE}"
EndProject
Global
	GlobalSection(SolutionConfigurationPlatforms) = preSolution
		Debug|Any CPU = Debug|Any CPU
		Release|Any CPU = Release|Any CPU
	EndGlobalSection
	GlobalSection(ProjectConfigurationPlatforms) = postSolution
		{2B9AF8D7-8845-46DD-964E-79D8B5F59FC7}.Debug|Any CPU.ActiveCfg = Debug|Any CPU
		{2B9AF8D7-8845-46DD-964E-79D8B5F59FC7}.Debug|Any CPU.Build.0 = Debug|Any CPU
		{2B9AF8D7-8845-46DD-964E-79D8B5F59FC7}.Release|Any CPU.ActiveCfg = Release|Any CPU
		{2B9AF8D7-8845-46DD-964E-79D8B5F59FC7}.Release|Any CPU.Build.0 = Release|Any CPU
		{1D183973-141F-481B-A681-1D53FD0B65EE}.Debug|Any CPU.ActiveCfg = Debug|Any CPU
		{1D183973-141F-481B-A681-1D53FD0B65EE}.Debug|Any CPU.Build.0 = Debug|Any CPU
		{1D183973-141F-481B-A681-1D53FD0B65EE}.Release|Any CPU.ActiveCfg = Release|Any CPU
		{1D183973-141F-481B-A681-1D53FD0B65EE}.Release|Any CPU.Build.0 = Release|Any CPU
	EndGlobalSection
	GlobalSection(SolutionProperties) = preSolution
		HideSolutionNode = FALSE
	EndGlobalSection
	GlobalSection(ExtensibilityGlobals) = postSolution
		SolutionGuid = {60793160-90C0-4CC2-8C9D-D15CC6B4A8A9}
	EndGlobalSection
EndGlobal
